{
  "lockfileVersion": 1,
  "workspaces": {
    "": {
      "name": "aivtuber",
      "dependencies": {
        "@pixiv/three-vrm": "^3.4.2",
        "@pixiv/three-vrm-animation": "^3.4.2",
        "@tauri-apps/api": "^2",
        "@tauri-apps/plugin-http": "~2",
        "@tauri-apps/plugin-log": "~2",
        "@tauri-apps/plugin-opener": "^2",
        "@types/three": "^0.179.0",
        "three": "^0.179.1",
        "vue": "^3.5.18",
      },
      "devDependencies": {
        "@tauri-apps/cli": "^2",
        "@vitejs/plugin-vue": "^6.0.1",
        "typescript": "~5.9.2",
        "vite": "npm:rolldown-vite@latest",
        "vue-tsc": "^3.0.5",
      },
    },
  },
  "packages": {
    "@babel/helper-string-parser": ["@babel/helper-string-parser@7.27.1", "https://registry.npmmirror.com/@babel/helper-string-parser/-/helper-string-parser-7.27.1.tgz", {}, "sha512-qMlSxKbpRlAridDExk92nSobyDdpPijUq2DW6oDnUqd0iOGxmQjyqhMIihI9+zv4LPyZdRje2cavWPbCbWm3eA=="],

    "@babel/helper-validator-identifier": ["@babel/helper-validator-identifier@7.27.1", "https://registry.npmmirror.com/@babel/helper-validator-identifier/-/helper-validator-identifier-7.27.1.tgz", {}, "sha512-D2hP9eA+Sqx1kBZgzxZh0y1trbuU+JoDkiEwqhQ36nodYqJwyEIhPSdMNd7lOm/4io72luTPWH20Yda0xOuUow=="],

    "@babel/parser": ["@babel/parser@7.28.0", "https://registry.npmmirror.com/@babel/parser/-/parser-7.28.0.tgz", { "dependencies": { "@babel/types": "^7.28.0" }, "bin": "./bin/babel-parser.js" }, "sha512-jVZGvOxOuNSsuQuLRTh13nU0AogFlw32w/MT+LV6D3sP5WdbW61E77RnkbaO2dUvmPAYrBDJXGn5gGS6tH4j8g=="],

    "@babel/types": ["@babel/types@7.28.0", "https://registry.npmmirror.com/@babel/types/-/types-7.28.0.tgz", { "dependencies": { "@babel/helper-string-parser": "^7.27.1", "@babel/helper-validator-identifier": "^7.27.1" } }, "sha512-jYnje+JyZG5YThjHiF28oT4SIZLnYOcSBb6+SDaFIyzDVSkXQmQQYclJ2R+YxcdmK0AX6x1E5OQNtuh3jHDrUg=="],

    "@dimforge/rapier3d-compat": ["@dimforge/rapier3d-compat@0.12.0", "https://registry.npmmirror.com/@dimforge/rapier3d-compat/-/rapier3d-compat-0.12.0.tgz", {}, "sha512-uekIGetywIgopfD97oDL5PfeezkFpNhwlzlaEYNOA0N6ghdsOvh/HYjSMek5Q2O1PYvRSDFcqFVJl4r4ZBwOow=="],

    "@emnapi/core": ["@emnapi/core@1.4.5", "https://registry.npmmirror.com/@emnapi/core/-/core-1.4.5.tgz", { "dependencies": { "@emnapi/wasi-threads": "1.0.4", "tslib": "^2.4.0" } }, "sha512-XsLw1dEOpkSX/WucdqUhPWP7hDxSvZiY+fsUC14h+FtQ2Ifni4znbBt8punRX+Uj2JG/uDb8nEHVKvrVlvdZ5Q=="],

    "@emnapi/runtime": ["@emnapi/runtime@1.4.5", "https://registry.npmmirror.com/@emnapi/runtime/-/runtime-1.4.5.tgz", { "dependencies": { "tslib": "^2.4.0" } }, "sha512-++LApOtY0pEEz1zrd9vy1/zXVaVJJ/EbAF3u0fXIzPJEDtnITsBGbbK0EkM72amhl/R5b+5xx0Y/QhcVOpuulg=="],

    "@emnapi/wasi-threads": ["@emnapi/wasi-threads@1.0.4", "https://registry.npmmirror.com/@emnapi/wasi-threads/-/wasi-threads-1.0.4.tgz", { "dependencies": { "tslib": "^2.4.0" } }, "sha512-PJR+bOmMOPH8AtcTGAyYNiuJ3/Fcoj2XN/gBEWzDIKh254XO+mM9XoXHk5GNEhodxeMznbg7BlRojVbKN+gC6g=="],

    "@jridgewell/sourcemap-codec": ["@jridgewell/sourcemap-codec@1.5.4", "https://registry.npmmirror.com/@jridgewell/sourcemap-codec/-/sourcemap-codec-1.5.4.tgz", {}, "sha512-VT2+G1VQs/9oz078bLrYbecdZKs912zQlkelYpuf+SXF+QvZDYJlbx/LSx+meSAwdDFnF8FVXW92AVjjkVmgFw=="],

    "@napi-rs/wasm-runtime": ["@napi-rs/wasm-runtime@0.2.12", "https://registry.npmmirror.com/@napi-rs/wasm-runtime/-/wasm-runtime-0.2.12.tgz", { "dependencies": { "@emnapi/core": "^1.4.3", "@emnapi/runtime": "^1.4.3", "@tybys/wasm-util": "^0.10.0" } }, "sha512-ZVWUcfwY4E/yPitQJl481FjFo3K22D6qF0DuFH6Y/nbnE11GY5uguDxZMGXPQ8WQ0128MXQD7TnfHyK4oWoIJQ=="],

    "@oxc-project/runtime": ["@oxc-project/runtime@0.77.0", "https://registry.npmmirror.com/@oxc-project/runtime/-/runtime-0.77.0.tgz", {}, "sha512-cMbHs/DaomWSjxeJ79G10GA5hzJW9A7CZ+/cO+KuPZ7Trf3Rr07qSLauC4Ns8ba4DKVDjd8VSC9nVLpw6jpoGQ=="],

    "@oxc-project/types": ["@oxc-project/types@0.77.0", "https://registry.npmmirror.com/@oxc-project/types/-/types-0.77.0.tgz", {}, "sha512-iUQj185VvCPnSba+ltUV5tVDrPX6LeZVtQywnnoGbe4oJ1VKvDKisjGkD/AvVtdm98b/BdsVS35IlJV1m2mBBA=="],

    "@pixiv/three-vrm": ["@pixiv/three-vrm@3.4.2", "https://registry.npmmirror.com/@pixiv/three-vrm/-/three-vrm-3.4.2.tgz", { "dependencies": { "@pixiv/three-vrm-core": "3.4.2", "@pixiv/three-vrm-materials-hdr-emissive-multiplier": "3.4.2", "@pixiv/three-vrm-materials-mtoon": "3.4.2", "@pixiv/three-vrm-materials-v0compat": "3.4.2", "@pixiv/three-vrm-node-constraint": "3.4.2", "@pixiv/three-vrm-springbone": "3.4.2" }, "peerDependencies": { "three": ">=0.137" } }, "sha512-Q3WLZ2Keh3y1GOhxWFieQCXsi+O9cGoPJD7GxQI6VJIEGuWXF0ghPND7RNUd1/AM2/Al7ChuWyaqyGq7j5/0/w=="],

    "@pixiv/three-vrm-animation": ["@pixiv/three-vrm-animation@3.4.2", "https://registry.npmmirror.com/@pixiv/three-vrm-animation/-/three-vrm-animation-3.4.2.tgz", { "dependencies": { "@pixiv/three-vrm-core": "3.4.2", "@pixiv/types-vrmc-vrm-1.0": "3.4.2", "@pixiv/types-vrmc-vrm-animation-1.0": "3.4.2" }, "peerDependencies": { "three": ">=0.137" } }, "sha512-VB5Jem7T+mnxbExQbzOIXq+4pJ1VxfGYutZBC53lAQdGnS17usTwWqzZBEE5thT0k4Y/pJwhwFQ2YlOZfrIYng=="],

    "@pixiv/three-vrm-core": ["@pixiv/three-vrm-core@3.4.2", "https://registry.npmmirror.com/@pixiv/three-vrm-core/-/three-vrm-core-3.4.2.tgz", { "dependencies": { "@pixiv/types-vrm-0.0": "3.4.2", "@pixiv/types-vrmc-vrm-1.0": "3.4.2" }, "peerDependencies": { "three": ">=0.137" } }, "sha512-ucdf5hzCcgc421UVjhBQK3VpnodDdOJFf/3RY9glD4RLj0iURZ4hTd4zKXhSITKSS/IisRgU4J2lDhtU0u7e3g=="],

    "@pixiv/three-vrm-materials-hdr-emissive-multiplier": ["@pixiv/three-vrm-materials-hdr-emissive-multiplier@3.4.2", "https://registry.npmmirror.com/@pixiv/three-vrm-materials-hdr-emissive-multiplier/-/three-vrm-materials-hdr-emissive-multiplier-3.4.2.tgz", { "dependencies": { "@pixiv/types-vrmc-materials-hdr-emissive-multiplier-1.0": "3.4.2" }, "peerDependencies": { "three": ">=0.137" } }, "sha512-OuDBao5GRfAefPXK4w4su2AzM/yGvqYYfZQaQryyhSzQbA1UV8EpW4xfrWjdGJ4HiD98L9hVeObZrjZyq2ZVkA=="],

    "@pixiv/three-vrm-materials-mtoon": ["@pixiv/three-vrm-materials-mtoon@3.4.2", "https://registry.npmmirror.com/@pixiv/three-vrm-materials-mtoon/-/three-vrm-materials-mtoon-3.4.2.tgz", { "dependencies": { "@pixiv/types-vrm-0.0": "3.4.2", "@pixiv/types-vrmc-materials-mtoon-1.0": "3.4.2" }, "peerDependencies": { "three": ">=0.137" } }, "sha512-UH0ZwF3oWyxr+FwIc4CBdBKsGKfPsaDPt8/lplX+D8oExNZ4eKBSKUaNytV6XhxgWR5a0ZPoZJUzvsCzjv0BPQ=="],

    "@pixiv/three-vrm-materials-v0compat": ["@pixiv/three-vrm-materials-v0compat@3.4.2", "https://registry.npmmirror.com/@pixiv/three-vrm-materials-v0compat/-/three-vrm-materials-v0compat-3.4.2.tgz", { "dependencies": { "@pixiv/types-vrm-0.0": "3.4.2", "@pixiv/types-vrmc-materials-mtoon-1.0": "3.4.2" }, "peerDependencies": { "three": ">=0.137" } }, "sha512-h1E/CB3h3f3iK0QnzzfeBy4C2GiiSkSf6q4OSYg26Qnyvl8iCPduqukm85yD5xuyDU3i1KzimuWj0n1Ah3s6kw=="],

    "@pixiv/three-vrm-node-constraint": ["@pixiv/three-vrm-node-constraint@3.4.2", "https://registry.npmmirror.com/@pixiv/three-vrm-node-constraint/-/three-vrm-node-constraint-3.4.2.tgz", { "dependencies": { "@pixiv/types-vrmc-node-constraint-1.0": "3.4.2" }, "peerDependencies": { "three": ">=0.137" } }, "sha512-KjkvsZv91naCkblOttM46JdJP2UdKCd+fAxewnVAc+FWkS5qUA1fiKZhWz06JuO1yMVMY3/OohnIlDfRGtdq6A=="],

    "@pixiv/three-vrm-springbone": ["@pixiv/three-vrm-springbone@3.4.2", "https://registry.npmmirror.com/@pixiv/three-vrm-springbone/-/three-vrm-springbone-3.4.2.tgz", { "dependencies": { "@pixiv/types-vrm-0.0": "3.4.2", "@pixiv/types-vrmc-springbone-1.0": "3.4.2", "@pixiv/types-vrmc-springbone-extended-collider-1.0": "3.4.2" }, "peerDependencies": { "three": ">=0.137" } }, "sha512-4IUOHehnWkg2ZhipCGpSppB7lfR+/GuLVLp42N5jQi6Tf3keAm/tXwDeGgJO2o9AgcDW2Gq3/MFxkcSfvojKCw=="],

    "@pixiv/types-vrm-0.0": ["@pixiv/types-vrm-0.0@3.4.2", "https://registry.npmmirror.com/@pixiv/types-vrm-0.0/-/types-vrm-0.0-3.4.2.tgz", {}, "sha512-Y8jELwRGYW5GkO0Q9SQ2XOwGHgbKiLB3bRedpRELCEJVki2vWWkNoK8MqyuXmBEk2pQdaU5YDJ1mDpdCNVaIDA=="],

    "@pixiv/types-vrmc-materials-hdr-emissive-multiplier-1.0": ["@pixiv/types-vrmc-materials-hdr-emissive-multiplier-1.0@3.4.2", "https://registry.npmmirror.com/@pixiv/types-vrmc-materials-hdr-emissive-multiplier-1.0/-/types-vrmc-materials-hdr-emissive-multiplier-1.0-3.4.2.tgz", {}, "sha512-kqo08aM9mPq9c9sfq8x+TxhrhuF41aaCeOoDAcSfwcOQgXrZt6ZFbyiiI9ViMpeuCZ8bSjjN6f5Opf3BwbYMLQ=="],

    "@pixiv/types-vrmc-materials-mtoon-1.0": ["@pixiv/types-vrmc-materials-mtoon-1.0@3.4.2", "https://registry.npmmirror.com/@pixiv/types-vrmc-materials-mtoon-1.0/-/types-vrmc-materials-mtoon-1.0-3.4.2.tgz", {}, "sha512-VVcY7SniFh+wj0fNA/MDWr7ST6AWoaKtlxzC/ZyQd28zxjRgGbe40OGdref64rBxGwIV8JfBXgtYUxrJ2BN5DQ=="],

    "@pixiv/types-vrmc-node-constraint-1.0": ["@pixiv/types-vrmc-node-constraint-1.0@3.4.2", "https://registry.npmmirror.com/@pixiv/types-vrmc-node-constraint-1.0/-/types-vrmc-node-constraint-1.0-3.4.2.tgz", {}, "sha512-DIkmUxeyaAl6iMiH20ug+ns2trnQPvi5lU0Hf3r/g4Ikq+8WRDcX3pggG1Uihr6xAy4S4lc7u5dS5lLDrAEsbw=="],

    "@pixiv/types-vrmc-springbone-1.0": ["@pixiv/types-vrmc-springbone-1.0@3.4.2", "https://registry.npmmirror.com/@pixiv/types-vrmc-springbone-1.0/-/types-vrmc-springbone-1.0-3.4.2.tgz", {}, "sha512-xbwsSPl31vltmYW9ADX6DxgnGZcXhhsqkcY4Jr6N0xCxH+H1V0qv5vNhN/+ntBMccQul35CtzNpXZohJ5zB1wA=="],

    "@pixiv/types-vrmc-springbone-extended-collider-1.0": ["@pixiv/types-vrmc-springbone-extended-collider-1.0@3.4.2", "https://registry.npmmirror.com/@pixiv/types-vrmc-springbone-extended-collider-1.0/-/types-vrmc-springbone-extended-collider-1.0-3.4.2.tgz", {}, "sha512-4leeV4KmG8cw98L0vAVrv5XsyGmIEr4iTr5rZ2dTOW2KJjoA458mBWnlKImj2n6bVCoqgExvt6IIi2AFnJgWjA=="],

    "@pixiv/types-vrmc-vrm-1.0": ["@pixiv/types-vrmc-vrm-1.0@3.4.2", "https://registry.npmmirror.com/@pixiv/types-vrmc-vrm-1.0/-/types-vrmc-vrm-1.0-3.4.2.tgz", {}, "sha512-AcbcDDtPevbmds2N7HUfPb/eKbMlbDaS4VADUNC2uO4pQDHa4vi1gDDxneYNFq4htQ2VUco9Yhqr5idp2MofOg=="],

    "@pixiv/types-vrmc-vrm-animation-1.0": ["@pixiv/types-vrmc-vrm-animation-1.0@3.4.2", "https://registry.npmmirror.com/@pixiv/types-vrmc-vrm-animation-1.0/-/types-vrmc-vrm-animation-1.0-3.4.2.tgz", { "dependencies": { "@pixiv/types-vrmc-vrm-1.0": "2.0.3" } }, "sha512-Ml+ka0WCB7+UobfT73p9yguY121l1kdxTsDygdL5QW/dSRV9P2JuNW78drIy8LKjMucMK0vQFasBmjfT9BYLzw=="],

    "@rolldown/binding-android-arm64": ["@rolldown/binding-android-arm64@1.0.0-beta.27", "https://registry.npmmirror.com/@rolldown/binding-android-arm64/-/binding-android-arm64-1.0.0-beta.27.tgz", { "os": "android", "cpu": "arm64" }, "sha512-IJL3efUJmvb5MfTEi7bGK4jq3ZFAzVbSy+vmul0DcdrglUd81Tfyy7Zzq2oM0tUgmACG32d8Jz/ykbpbf+3C5A=="],

    "@rolldown/binding-darwin-arm64": ["@rolldown/binding-darwin-arm64@1.0.0-beta.27", "https://registry.npmmirror.com/@rolldown/binding-darwin-arm64/-/binding-darwin-arm64-1.0.0-beta.27.tgz", { "os": "darwin", "cpu": "arm64" }, "sha512-TXTiuHbtnHfb0c44vNfWfIyEFJ0BFUf63ip9Z4mj8T2zRcZXQYVger4OuAxnwGNGBgDyHo1VaNBG+Vxn2VrpqQ=="],

    "@rolldown/binding-darwin-x64": ["@rolldown/binding-darwin-x64@1.0.0-beta.27", "https://registry.npmmirror.com/@rolldown/binding-darwin-x64/-/binding-darwin-x64-1.0.0-beta.27.tgz", { "os": "darwin", "cpu": "x64" }, "sha512-Jpjflgvbolh+fAaaEajPJQCOpZMawYMbNVzuZp3nidX1B7kMAP7NEKp9CWzthoL2Y8RfD7OApN6bx4+vFurTaw=="],

    "@rolldown/binding-freebsd-x64": ["@rolldown/binding-freebsd-x64@1.0.0-beta.27", "https://registry.npmmirror.com/@rolldown/binding-freebsd-x64/-/binding-freebsd-x64-1.0.0-beta.27.tgz", { "os": "freebsd", "cpu": "x64" }, "sha512-07ZNlXIunyS1jCTnene7aokkzCZNBUnmnJWu4Nz5X5XQvVHJNjsDhPFJTlNmneSDzA3vGkRNwdECKXiDTH/CqA=="],

    "@rolldown/binding-linux-arm-gnueabihf": ["@rolldown/binding-linux-arm-gnueabihf@1.0.0-beta.27", "https://registry.npmmirror.com/@rolldown/binding-linux-arm-gnueabihf/-/binding-linux-arm-gnueabihf-1.0.0-beta.27.tgz", { "os": "linux", "cpu": "arm" }, "sha512-z74ah00oyKnTUtaIbg34TaIU1PYM8tGE1bK6aUs8OLZ9sWW4g3Xo5A0nit2zyeanmYFvrAUxnt3Bpk+mTZCtlg=="],

    "@rolldown/binding-linux-arm64-gnu": ["@rolldown/binding-linux-arm64-gnu@1.0.0-beta.27", "https://registry.npmmirror.com/@rolldown/binding-linux-arm64-gnu/-/binding-linux-arm64-gnu-1.0.0-beta.27.tgz", { "os": "linux", "cpu": "arm64" }, "sha512-b9oKl/M5OIyAcosS73BmjOZOjvcONV97t2SnKpgwfDX/mjQO3dBgTYyvHMFA6hfhIDW1+2XVQR/k5uzBULFhoA=="],

    "@rolldown/binding-linux-arm64-musl": ["@rolldown/binding-linux-arm64-musl@1.0.0-beta.27", "https://registry.npmmirror.com/@rolldown/binding-linux-arm64-musl/-/binding-linux-arm64-musl-1.0.0-beta.27.tgz", { "os": "linux", "cpu": "arm64" }, "sha512-RmaNSkVmAH8u/r5Q+v4O0zL4HY8pLrvlM5wBoBrb/QHDQgksGKBqhecpg1ERER0Q7gMh/GJUz6JiiD55Q+9UOA=="],

    "@rolldown/binding-linux-arm64-ohos": ["@rolldown/binding-linux-arm64-ohos@1.0.0-beta.27", "https://registry.npmmirror.com/@rolldown/binding-linux-arm64-ohos/-/binding-linux-arm64-ohos-1.0.0-beta.27.tgz", { "os": "none", "cpu": "arm64" }, "sha512-gq78fI/g0cp1UKFMk53kP/oZAgYOXbaqdadVMuCJc0CoSkDJcpO2YIasRs/QYlE91QWfcHD5RZl9zbf4ksTS/w=="],

    "@rolldown/binding-linux-x64-gnu": ["@rolldown/binding-linux-x64-gnu@1.0.0-beta.27", "https://registry.npmmirror.com/@rolldown/binding-linux-x64-gnu/-/binding-linux-x64-gnu-1.0.0-beta.27.tgz", { "os": "linux", "cpu": "x64" }, "sha512-yS/GreJ6BT44dHu1WLigc50S8jZA+pDzzsf8tqRptUTwi5YW7dX3NqcDlc/lXsZqu57aKynLljgClYAm90LEKw=="],

    "@rolldown/binding-linux-x64-musl": ["@rolldown/binding-linux-x64-musl@1.0.0-beta.27", "https://registry.npmmirror.com/@rolldown/binding-linux-x64-musl/-/binding-linux-x64-musl-1.0.0-beta.27.tgz", { "os": "linux", "cpu": "x64" }, "sha512-6FV9To1sXewGHY4NaCPeOE5p5o1qfuAjj+m75WVIPw9HEJVsQoC5QiTL5wWVNqSMch4X0eWnQ6WsQolU6sGMIA=="],

    "@rolldown/binding-wasm32-wasi": ["@rolldown/binding-wasm32-wasi@1.0.0-beta.27", "https://registry.npmmirror.com/@rolldown/binding-wasm32-wasi/-/binding-wasm32-wasi-1.0.0-beta.27.tgz", { "dependencies": { "@napi-rs/wasm-runtime": "^0.2.12" }, "cpu": "none" }, "sha512-VcxdhF0PQda9krFJHw4DqUkdAsHWYs/Uz/Kr/zhU8zMFDzmK6OdUgl9emGj9wTzXAEHYkAMDhk+OJBRJvp424g=="],

    "@rolldown/binding-win32-arm64-msvc": ["@rolldown/binding-win32-arm64-msvc@1.0.0-beta.27", "https://registry.npmmirror.com/@rolldown/binding-win32-arm64-msvc/-/binding-win32-arm64-msvc-1.0.0-beta.27.tgz", { "os": "win32", "cpu": "arm64" }, "sha512-3bXSARqSf8jLHrQ1/tw9pX1GwIR9jA6OEsqTgdC0DdpoZ+34sbJXE9Nse3dQ0foGLKBkh4PqDv/rm2Thu9oVBw=="],

    "@rolldown/binding-win32-ia32-msvc": ["@rolldown/binding-win32-ia32-msvc@1.0.0-beta.27", "https://registry.npmmirror.com/@rolldown/binding-win32-ia32-msvc/-/binding-win32-ia32-msvc-1.0.0-beta.27.tgz", { "os": "win32", "cpu": "ia32" }, "sha512-xPGcKb+W8NIWAf5KApsUIrhiKH5NImTarICge5jQ2m0BBxD31crio4OXy/eYVq5CZkqkqszLQz2fWZcWNmbzlQ=="],

    "@rolldown/binding-win32-x64-msvc": ["@rolldown/binding-win32-x64-msvc@1.0.0-beta.27", "https://registry.npmmirror.com/@rolldown/binding-win32-x64-msvc/-/binding-win32-x64-msvc-1.0.0-beta.27.tgz", { "os": "win32", "cpu": "x64" }, "sha512-3y1G8ARpXBAcz4RJM5nzMU6isS/gXZl8SuX8lS2piFOnQMiOp6ajeelnciD+EgG4ej793zvNvr+WZtdnao2yrw=="],

    "@rolldown/pluginutils": ["@rolldown/pluginutils@1.0.0-beta.29", "https://registry.npmmirror.com/@rolldown/pluginutils/-/pluginutils-1.0.0-beta.29.tgz", {}, "sha512-NIJgOsMjbxAXvoGq/X0gD7VPMQ8j9g0BiDaNjVNVjvl+iKXxL3Jre0v31RmBYeLEmkbj2s02v8vFTbUXi5XS2Q=="],

    "@tauri-apps/api": ["@tauri-apps/api@2.6.0", "https://registry.npmmirror.com/@tauri-apps/api/-/api-2.6.0.tgz", {}, "sha512-hRNcdercfgpzgFrMXWwNDBN0B7vNzOzRepy6ZAmhxi5mDLVPNrTpo9MGg2tN/F7JRugj4d2aF7E1rtPXAHaetg=="],

    "@tauri-apps/cli": ["@tauri-apps/cli@2.6.2", "https://registry.npmmirror.com/@tauri-apps/cli/-/cli-2.6.2.tgz", { "optionalDependencies": { "@tauri-apps/cli-darwin-arm64": "2.6.2", "@tauri-apps/cli-darwin-x64": "2.6.2", "@tauri-apps/cli-linux-arm-gnueabihf": "2.6.2", "@tauri-apps/cli-linux-arm64-gnu": "2.6.2", "@tauri-apps/cli-linux-arm64-musl": "2.6.2", "@tauri-apps/cli-linux-riscv64-gnu": "2.6.2", "@tauri-apps/cli-linux-x64-gnu": "2.6.2", "@tauri-apps/cli-linux-x64-musl": "2.6.2", "@tauri-apps/cli-win32-arm64-msvc": "2.6.2", "@tauri-apps/cli-win32-ia32-msvc": "2.6.2", "@tauri-apps/cli-win32-x64-msvc": "2.6.2" }, "bin": { "tauri": "tauri.js" } }, "sha512-s1/eyBHxk0wG1blLeOY2IDjgZcxVrkxU5HFL8rNDwjYGr0o7yr3RAtwmuUPhz13NO+xGAL1bJZaLFBdp+5joKg=="],

    "@tauri-apps/cli-darwin-arm64": ["@tauri-apps/cli-darwin-arm64@2.6.2", "https://registry.npmmirror.com/@tauri-apps/cli-darwin-arm64/-/cli-darwin-arm64-2.6.2.tgz", { "os": "darwin", "cpu": "arm64" }, "sha512-YlvT+Yb7u2HplyN2Cf/nBplCQARC/I4uedlYHlgtxg6rV7xbo9BvG1jLOo29IFhqA2rOp5w1LtgvVGwsOf2kxw=="],

    "@tauri-apps/cli-darwin-x64": ["@tauri-apps/cli-darwin-x64@2.6.2", "https://registry.npmmirror.com/@tauri-apps/cli-darwin-x64/-/cli-darwin-x64-2.6.2.tgz", { "os": "darwin", "cpu": "x64" }, "sha512-21gdPWfv1bP8rkTdCL44in70QcYcPaDM70L+y78N8TkBuC+/+wqnHcwwjzb+mUyck6UoEw2DORagSI/oKKUGJw=="],

    "@tauri-apps/cli-linux-arm-gnueabihf": ["@tauri-apps/cli-linux-arm-gnueabihf@2.6.2", "https://registry.npmmirror.com/@tauri-apps/cli-linux-arm-gnueabihf/-/cli-linux-arm-gnueabihf-2.6.2.tgz", { "os": "linux", "cpu": "arm" }, "sha512-MW8Y6HqHS5yzQkwGoLk/ZyE1tWpnz/seDoY4INsbvUZdknuUf80yn3H+s6eGKtT/0Bfqon/W9sY7pEkgHRPQgA=="],

    "@tauri-apps/cli-linux-arm64-gnu": ["@tauri-apps/cli-linux-arm64-gnu@2.6.2", "https://registry.npmmirror.com/@tauri-apps/cli-linux-arm64-gnu/-/cli-linux-arm64-gnu-2.6.2.tgz", { "os": "linux", "cpu": "arm64" }, "sha512-9PdINTUtnyrnQt9hvC4y1m0NoxKSw/wUB9OTBAQabPj8WLAdvySWiUpEiqJjwLhlu4T6ltXZRpNTEzous3/RXg=="],

    "@tauri-apps/cli-linux-arm64-musl": ["@tauri-apps/cli-linux-arm64-musl@2.6.2", "https://registry.npmmirror.com/@tauri-apps/cli-linux-arm64-musl/-/cli-linux-arm64-musl-2.6.2.tgz", { "os": "linux", "cpu": "arm64" }, "sha512-LrcJTRr7FrtQlTDkYaRXIGo/8YU/xkWmBPC646WwKNZ/S6yqCiDcOMoPe7Cx4ZvcG6sK6LUCLQMfaSNEL7PT0A=="],

    "@tauri-apps/cli-linux-riscv64-gnu": ["@tauri-apps/cli-linux-riscv64-gnu@2.6.2", "https://registry.npmmirror.com/@tauri-apps/cli-linux-riscv64-gnu/-/cli-linux-riscv64-gnu-2.6.2.tgz", { "os": "linux", "cpu": "none" }, "sha512-GnTshO/BaZ9KGIazz2EiFfXGWgLur5/pjqklRA/ck42PGdUQJhV/Ao7A7TdXPjqAzpFxNo6M/Hx0GCH2iMS7IA=="],

    "@tauri-apps/cli-linux-x64-gnu": ["@tauri-apps/cli-linux-x64-gnu@2.6.2", "https://registry.npmmirror.com/@tauri-apps/cli-linux-x64-gnu/-/cli-linux-x64-gnu-2.6.2.tgz", { "os": "linux", "cpu": "x64" }, "sha512-QDG3WeJD6UJekmrtVPCJRzlKgn9sGzhvD58oAw5gIU+DRovgmmG2U1jH9fS361oYGjWWO7d/KM9t0kugZzi4lQ=="],

    "@tauri-apps/cli-linux-x64-musl": ["@tauri-apps/cli-linux-x64-musl@2.6.2", "https://registry.npmmirror.com/@tauri-apps/cli-linux-x64-musl/-/cli-linux-x64-musl-2.6.2.tgz", { "os": "linux", "cpu": "x64" }, "sha512-TNVTDDtnWzuVqWBFdZ4+8ZTg17tc21v+CT5XBQ+KYCoYtCrIaHpW04fS5Tmudi+vYdBwoPDfwpKEB6LhCeFraQ=="],

    "@tauri-apps/cli-win32-arm64-msvc": ["@tauri-apps/cli-win32-arm64-msvc@2.6.2", "https://registry.npmmirror.com/@tauri-apps/cli-win32-arm64-msvc/-/cli-win32-arm64-msvc-2.6.2.tgz", { "os": "win32", "cpu": "arm64" }, "sha512-z77C1oa/hMLO/jM1JF39tK3M3v9nou7RsBnQoOY54z5WPcpVAbS0XdFhXB7sSN72BOiO3moDky9lQANQz6L3CA=="],

    "@tauri-apps/cli-win32-ia32-msvc": ["@tauri-apps/cli-win32-ia32-msvc@2.6.2", "https://registry.npmmirror.com/@tauri-apps/cli-win32-ia32-msvc/-/cli-win32-ia32-msvc-2.6.2.tgz", { "os": "win32", "cpu": "ia32" }, "sha512-TmD8BbzbjluBw8+QEIWUVmFa9aAluSkT1N937n1mpYLXcPbTpbunqRFiIznTwupoJNJIdtpF/t7BdZDRh5rrcg=="],

    "@tauri-apps/cli-win32-x64-msvc": ["@tauri-apps/cli-win32-x64-msvc@2.6.2", "https://registry.npmmirror.com/@tauri-apps/cli-win32-x64-msvc/-/cli-win32-x64-msvc-2.6.2.tgz", { "os": "win32", "cpu": "x64" }, "sha512-ItB8RCKk+nCmqOxOvbNtltz6x1A4QX6cSM21kj3NkpcnjT9rHSMcfyf8WVI2fkoMUJR80iqCblUX6ARxC3lj6w=="],

    "@tauri-apps/plugin-http": ["@tauri-apps/plugin-http@2.5.1", "https://registry.npmmirror.com/@tauri-apps/plugin-http/-/plugin-http-2.5.1.tgz", { "dependencies": { "@tauri-apps/api": "^2.6.0" } }, "sha512-SpQ1azXEdQI0UB2NZTIPljJTDEe0bIaKzHYR/k4UQp6yzRYGLC/ktmIgEfQ2RvKAWus8GcYgGr5K6LJPbo/NZw=="],

    "@tauri-apps/plugin-log": ["@tauri-apps/plugin-log@2.6.0", "https://registry.npmmirror.com/@tauri-apps/plugin-log/-/plugin-log-2.6.0.tgz", { "dependencies": { "@tauri-apps/api": "^2.6.0" } }, "sha512-gVp3l31akA1Jk2bZsTA0hMFD5/gLe49Nw1btu5lViau0QqgC2XyT79LSwvy7a44ewtQbSexchqIg7oTJKMIbXQ=="],

    "@tauri-apps/plugin-opener": ["@tauri-apps/plugin-opener@2.4.0", "https://registry.npmmirror.com/@tauri-apps/plugin-opener/-/plugin-opener-2.4.0.tgz", { "dependencies": { "@tauri-apps/api": "^2.6.0" } }, "sha512-43VyN8JJtvKWJY72WI/KNZszTpDpzHULFxQs0CJBIYUdCRowQ6Q1feWTDb979N7nldqSuDOaBupZ6wz2nvuWwQ=="],

    "@tweenjs/tween.js": ["@tweenjs/tween.js@23.1.3", "https://registry.npmmirror.com/@tweenjs/tween.js/-/tween.js-23.1.3.tgz", {}, "sha512-vJmvvwFxYuGnF2axRtPYocag6Clbb5YS7kLL+SO/TeVFzHqDIWrNKYtcsPMibjDx9O+bu+psAy9NKfWklassUA=="],

    "@tybys/wasm-util": ["@tybys/wasm-util@0.10.0", "https://registry.npmmirror.com/@tybys/wasm-util/-/wasm-util-0.10.0.tgz", { "dependencies": { "tslib": "^2.4.0" } }, "sha512-VyyPYFlOMNylG45GoAe0xDoLwWuowvf92F9kySqzYh8vmYm7D2u4iUJKa1tOUpS70Ku13ASrOkS4ScXFsTaCNQ=="],

    "@types/stats.js": ["@types/stats.js@0.17.4", "https://registry.npmmirror.com/@types/stats.js/-/stats.js-0.17.4.tgz", {}, "sha512-jIBvWWShCvlBqBNIZt0KAshWpvSjhkwkEu4ZUcASoAvhmrgAUI2t1dXrjSL4xXVLB4FznPrIsX3nKXFl/Dt4vA=="],

    "@types/three": ["@types/three@0.179.0", "https://registry.npmmirror.com/@types/three/-/three-0.179.0.tgz", { "dependencies": { "@dimforge/rapier3d-compat": "~0.12.0", "@tweenjs/tween.js": "~23.1.3", "@types/stats.js": "*", "@types/webxr": "*", "@webgpu/types": "*", "fflate": "~0.8.2", "meshoptimizer": "~0.22.0" } }, "sha512-VgbFG2Pgsm84BqdegZzr7w2aKbQxmgzIu4Dy7/75ygiD/0P68LKmp5ie08KMPNqGTQwIge8s6D1guZf1RnZE0A=="],

    "@types/webxr": ["@types/webxr@0.5.22", "https://registry.npmmirror.com/@types/webxr/-/webxr-0.5.22.tgz", {}, "sha512-Vr6Stjv5jPRqH690f5I5GLjVk8GSsoQSYJ2FVd/3jJF7KaqfwPi3ehfBS96mlQ2kPCwZaX6U0rG2+NGHBKkA/A=="],

    "@vitejs/plugin-vue": ["@vitejs/plugin-vue@6.0.1", "https://registry.npmmirror.com/@vitejs/plugin-vue/-/plugin-vue-6.0.1.tgz", { "dependencies": { "@rolldown/pluginutils": "1.0.0-beta.29" }, "peerDependencies": { "vite": "^5.0.0 || ^6.0.0 || ^7.0.0", "vue": "^3.2.25" } }, "sha512-+MaE752hU0wfPFJEUAIxqw18+20euHHdxVtMvbFcOEpjEyfqXH/5DCoTHiVJ0J29EhTJdoTkjEv5YBKU9dnoTw=="],

    "@volar/language-core": ["@volar/language-core@2.4.22", "https://registry.npmmirror.com/@volar/language-core/-/language-core-2.4.22.tgz", { "dependencies": { "@volar/source-map": "2.4.22" } }, "sha512-gp4M7Di5KgNyIyO903wTClYBavRt6UyFNpc5LWfyZr1lBsTUY+QrVZfmbNF2aCyfklBOVk9YC4p+zkwoyT7ECg=="],

    "@volar/source-map": ["@volar/source-map@2.4.22", "https://registry.npmmirror.com/@volar/source-map/-/source-map-2.4.22.tgz", {}, "sha512-L2nVr/1vei0xKRgO2tYVXtJYd09HTRjaZi418e85Q+QdbbqA8h7bBjfNyPPSsjnrOO4l4kaAo78c8SQUAdHvgA=="],

    "@volar/typescript": ["@volar/typescript@2.4.22", "https://registry.npmmirror.com/@volar/typescript/-/typescript-2.4.22.tgz", { "dependencies": { "@volar/language-core": "2.4.22", "path-browserify": "^1.0.1", "vscode-uri": "^3.0.8" } }, "sha512-6ZczlJW1/GWTrNnkmZxJp4qyBt/SGVlcTuCWpI5zLrdPdCZsj66Aff9ZsfFaT3TyjG8zVYgBMYPuCm/eRkpcpQ=="],

    "@vue/compiler-core": ["@vue/compiler-core@3.5.18", "https://registry.npmmirror.com/@vue/compiler-core/-/compiler-core-3.5.18.tgz", { "dependencies": { "@babel/parser": "^7.28.0", "@vue/shared": "3.5.18", "entities": "^4.5.0", "estree-walker": "^2.0.2", "source-map-js": "^1.2.1" } }, "sha512-3slwjQrrV1TO8MoXgy3aynDQ7lslj5UqDxuHnrzHtpON5CBinhWjJETciPngpin/T3OuW3tXUf86tEurusnztw=="],

    "@vue/compiler-dom": ["@vue/compiler-dom@3.5.18", "https://registry.npmmirror.com/@vue/compiler-dom/-/compiler-dom-3.5.18.tgz", { "dependencies": { "@vue/compiler-core": "3.5.18", "@vue/shared": "3.5.18" } }, "sha512-RMbU6NTU70++B1JyVJbNbeFkK+A+Q7y9XKE2EM4NLGm2WFR8x9MbAtWxPPLdm0wUkuZv9trpwfSlL6tjdIa1+A=="],

    "@vue/compiler-sfc": ["@vue/compiler-sfc@3.5.18", "https://registry.npmmirror.com/@vue/compiler-sfc/-/compiler-sfc-3.5.18.tgz", { "dependencies": { "@babel/parser": "^7.28.0", "@vue/compiler-core": "3.5.18", "@vue/compiler-dom": "3.5.18", "@vue/compiler-ssr": "3.5.18", "@vue/shared": "3.5.18", "estree-walker": "^2.0.2", "magic-string": "^0.30.17", "postcss": "^8.5.6", "source-map-js": "^1.2.1" } }, "sha512-5aBjvGqsWs+MoxswZPoTB9nSDb3dhd1x30xrrltKujlCxo48j8HGDNj3QPhF4VIS0VQDUrA1xUfp2hEa+FNyXA=="],

    "@vue/compiler-ssr": ["@vue/compiler-ssr@3.5.18", "https://registry.npmmirror.com/@vue/compiler-ssr/-/compiler-ssr-3.5.18.tgz", { "dependencies": { "@vue/compiler-dom": "3.5.18", "@vue/shared": "3.5.18" } }, "sha512-xM16Ak7rSWHkM3m22NlmcdIM+K4BMyFARAfV9hYFl+SFuRzrZ3uGMNW05kA5pmeMa0X9X963Kgou7ufdbpOP9g=="],

    "@vue/compiler-vue2": ["@vue/compiler-vue2@2.7.16", "https://registry.npmmirror.com/@vue/compiler-vue2/-/compiler-vue2-2.7.16.tgz", { "dependencies": { "de-indent": "^1.0.2", "he": "^1.2.0" } }, "sha512-qYC3Psj9S/mfu9uVi5WvNZIzq+xnXMhOwbTFKKDD7b1lhpnn71jXSFdTQ+WsIEk0ONCd7VV2IMm7ONl6tbQ86A=="],

    "@vue/language-core": ["@vue/language-core@3.0.5", "https://registry.npmmirror.com/@vue/language-core/-/language-core-3.0.5.tgz", { "dependencies": { "@volar/language-core": "2.4.22", "@vue/compiler-dom": "^3.5.0", "@vue/compiler-vue2": "^2.7.16", "@vue/shared": "^3.5.0", "alien-signals": "^2.0.5", "muggle-string": "^0.4.1", "path-browserify": "^1.0.1", "picomatch": "^4.0.2" }, "peerDependencies": { "typescript": "*" }, "optionalPeers": ["typescript"] }, "sha512-gCEjn9Ik7I/seHVNIEipOm8W+f3/kg60e8s1IgIkMYma2wu9ZGUTMv3mSL2bX+Md2L8fslceJ4SU8j1fgSRoiw=="],

    "@vue/reactivity": ["@vue/reactivity@3.5.18", "https://registry.npmmirror.com/@vue/reactivity/-/reactivity-3.5.18.tgz", { "dependencies": { "@vue/shared": "3.5.18" } }, "sha512-x0vPO5Imw+3sChLM5Y+B6G1zPjwdOri9e8V21NnTnlEvkxatHEH5B5KEAJcjuzQ7BsjGrKtfzuQ5eQwXh8HXBg=="],

    "@vue/runtime-core": ["@vue/runtime-core@3.5.18", "https://registry.npmmirror.com/@vue/runtime-core/-/runtime-core-3.5.18.tgz", { "dependencies": { "@vue/reactivity": "3.5.18", "@vue/shared": "3.5.18" } }, "sha512-DUpHa1HpeOQEt6+3nheUfqVXRog2kivkXHUhoqJiKR33SO4x+a5uNOMkV487WPerQkL0vUuRvq/7JhRgLW3S+w=="],

    "@vue/runtime-dom": ["@vue/runtime-dom@3.5.18", "https://registry.npmmirror.com/@vue/runtime-dom/-/runtime-dom-3.5.18.tgz", { "dependencies": { "@vue/reactivity": "3.5.18", "@vue/runtime-core": "3.5.18", "@vue/shared": "3.5.18", "csstype": "^3.1.3" } }, "sha512-YwDj71iV05j4RnzZnZtGaXwPoUWeRsqinblgVJwR8XTXYZ9D5PbahHQgsbmzUvCWNF6x7siQ89HgnX5eWkr3mw=="],

    "@vue/server-renderer": ["@vue/server-renderer@3.5.18", "https://registry.npmmirror.com/@vue/server-renderer/-/server-renderer-3.5.18.tgz", { "dependencies": { "@vue/compiler-ssr": "3.5.18", "@vue/shared": "3.5.18" }, "peerDependencies": { "vue": "3.5.18" } }, "sha512-PvIHLUoWgSbDG7zLHqSqaCoZvHi6NNmfVFOqO+OnwvqMz/tqQr3FuGWS8ufluNddk7ZLBJYMrjcw1c6XzR12mA=="],

    "@vue/shared": ["@vue/shared@3.5.18", "https://registry.npmmirror.com/@vue/shared/-/shared-3.5.18.tgz", {}, "sha512-cZy8Dq+uuIXbxCZpuLd2GJdeSO/lIzIspC2WtkqIpje5QyFbvLaI5wZtdUjLHjGZrlVX6GilejatWwVYYRc8tA=="],

    "@webgpu/types": ["@webgpu/types@0.1.64", "https://registry.npmmirror.com/@webgpu/types/-/types-0.1.64.tgz", {}, "sha512-84kRIAGV46LJTlJZWxShiOrNL30A+9KokD7RB3dRCIqODFjodS5tCD5yyiZ8kIReGVZSDfA3XkkwyyOIF6K62A=="],

    "alien-signals": ["alien-signals@2.0.5", "https://registry.npmmirror.com/alien-signals/-/alien-signals-2.0.5.tgz", {}, "sha512-PdJB6+06nUNAClInE3Dweq7/2xVAYM64vvvS1IHVHSJmgeOtEdrAGyp7Z2oJtYm0B342/Exd2NT0uMJaThcjLQ=="],

    "ansis": ["ansis@4.1.0", "https://registry.npmmirror.com/ansis/-/ansis-4.1.0.tgz", {}, "sha512-BGcItUBWSMRgOCe+SVZJ+S7yTRG0eGt9cXAHev72yuGcY23hnLA7Bky5L/xLyPINoSN95geovfBkqoTlNZYa7w=="],

    "csstype": ["csstype@3.1.3", "https://registry.npmmirror.com/csstype/-/csstype-3.1.3.tgz", {}, "sha512-M1uQkMl8rQK/szD0LNhtqxIPLpimGm8sOBwU7lLnCpSbTyY3yeU1Vc7l4KT5zT4s/yOxHH5O7tIuuLOCnLADRw=="],

    "de-indent": ["de-indent@1.0.2", "https://registry.npmmirror.com/de-indent/-/de-indent-1.0.2.tgz", {}, "sha512-e/1zu3xH5MQryN2zdVaF0OrdNLUbvWxzMbi+iNA6Bky7l1RoP8a2fIbRocyHclXt/arDrrR6lL3TqFD9pMQTsg=="],

    "detect-libc": ["detect-libc@2.0.4", "https://registry.npmmirror.com/detect-libc/-/detect-libc-2.0.4.tgz", {}, "sha512-3UDv+G9CsCKO1WKMGw9fwq/SWJYbI0c5Y7LU1AXYoDdbhE2AHQ6N6Nb34sG8Fj7T5APy8qXDCKuuIHd1BR0tVA=="],

    "entities": ["entities@4.5.0", "https://registry.npmmirror.com/entities/-/entities-4.5.0.tgz", {}, "sha512-V0hjH4dGPh9Ao5p0MoRY6BVqtwCjhz6vI5LT8AJ55H+4g9/4vbHx1I54fS0XuclLhDHArPQCiMjDxjaL8fPxhw=="],

    "estree-walker": ["estree-walker@2.0.2", "https://registry.npmmirror.com/estree-walker/-/estree-walker-2.0.2.tgz", {}, "sha512-Rfkk/Mp/DL7JVje3u18FxFujQlTNR2q6QfMSMB7AvCBx91NGj/ba3kCfza0f6dVDbw7YlRf/nDrn7pQrCCyQ/w=="],

    "fdir": ["fdir@6.4.6", "https://registry.npmmirror.com/fdir/-/fdir-6.4.6.tgz", { "peerDependencies": { "picomatch": "^3 || ^4" }, "optionalPeers": ["picomatch"] }, "sha512-hiFoqpyZcfNm1yc4u8oWCf9A2c4D3QjCrks3zmoVKVxpQRzmPNar1hUJcBG2RQHvEVGDN+Jm81ZheVLAQMK6+w=="],

    "fflate": ["fflate@0.8.2", "https://registry.npmmirror.com/fflate/-/fflate-0.8.2.tgz", {}, "sha512-cPJU47OaAoCbg0pBvzsgpTPhmhqI5eJjh/JIu8tPj5q+T7iLvW/JAYUqmE7KOB4R1ZyEhzBaIQpQpardBF5z8A=="],

    "fsevents": ["fsevents@2.3.3", "https://registry.npmmirror.com/fsevents/-/fsevents-2.3.3.tgz", { "os": "darwin" }, "sha512-5xoDfX+fL7faATnagmWPpbFtwh/R77WmMMqqHGS65C3vvB0YHrgF+B1YmZ3441tMj5n63k0212XNoJwzlhffQw=="],

    "he": ["he@1.2.0", "https://registry.npmmirror.com/he/-/he-1.2.0.tgz", { "bin": { "he": "bin/he" } }, "sha512-F/1DnUGPopORZi0ni+CvrCgHQ5FyEAHRLSApuYWMmrbSwoN2Mn/7k+Gl38gJnR7yyDZk6WLXwiGod1JOWNDKGw=="],

    "lightningcss": ["lightningcss@1.30.1", "https://registry.npmmirror.com/lightningcss/-/lightningcss-1.30.1.tgz", { "dependencies": { "detect-libc": "^2.0.3" }, "optionalDependencies": { "lightningcss-darwin-arm64": "1.30.1", "lightningcss-darwin-x64": "1.30.1", "lightningcss-freebsd-x64": "1.30.1", "lightningcss-linux-arm-gnueabihf": "1.30.1", "lightningcss-linux-arm64-gnu": "1.30.1", "lightningcss-linux-arm64-musl": "1.30.1", "lightningcss-linux-x64-gnu": "1.30.1", "lightningcss-linux-x64-musl": "1.30.1", "lightningcss-win32-arm64-msvc": "1.30.1", "lightningcss-win32-x64-msvc": "1.30.1" } }, "sha512-xi6IyHML+c9+Q3W0S4fCQJOym42pyurFiJUHEcEyHS0CeKzia4yZDEsLlqOFykxOdHpNy0NmvVO31vcSqAxJCg=="],

    "lightningcss-darwin-arm64": ["lightningcss-darwin-arm64@1.30.1", "https://registry.npmmirror.com/lightningcss-darwin-arm64/-/lightningcss-darwin-arm64-1.30.1.tgz", { "os": "darwin", "cpu": "arm64" }, "sha512-c8JK7hyE65X1MHMN+Viq9n11RRC7hgin3HhYKhrMyaXflk5GVplZ60IxyoVtzILeKr+xAJwg6zK6sjTBJ0FKYQ=="],

    "lightningcss-darwin-x64": ["lightningcss-darwin-x64@1.30.1", "https://registry.npmmirror.com/lightningcss-darwin-x64/-/lightningcss-darwin-x64-1.30.1.tgz", { "os": "darwin", "cpu": "x64" }, "sha512-k1EvjakfumAQoTfcXUcHQZhSpLlkAuEkdMBsI/ivWw9hL+7FtilQc0Cy3hrx0AAQrVtQAbMI7YjCgYgvn37PzA=="],

    "lightningcss-freebsd-x64": ["lightningcss-freebsd-x64@1.30.1", "https://registry.npmmirror.com/lightningcss-freebsd-x64/-/lightningcss-freebsd-x64-1.30.1.tgz", { "os": "freebsd", "cpu": "x64" }, "sha512-kmW6UGCGg2PcyUE59K5r0kWfKPAVy4SltVeut+umLCFoJ53RdCUWxcRDzO1eTaxf/7Q2H7LTquFHPL5R+Gjyig=="],

    "lightningcss-linux-arm-gnueabihf": ["lightningcss-linux-arm-gnueabihf@1.30.1", "https://registry.npmmirror.com/lightningcss-linux-arm-gnueabihf/-/lightningcss-linux-arm-gnueabihf-1.30.1.tgz", { "os": "linux", "cpu": "arm" }, "sha512-MjxUShl1v8pit+6D/zSPq9S9dQ2NPFSQwGvxBCYaBYLPlCWuPh9/t1MRS8iUaR8i+a6w7aps+B4N0S1TYP/R+Q=="],

    "lightningcss-linux-arm64-gnu": ["lightningcss-linux-arm64-gnu@1.30.1", "https://registry.npmmirror.com/lightningcss-linux-arm64-gnu/-/lightningcss-linux-arm64-gnu-1.30.1.tgz", { "os": "linux", "cpu": "arm64" }, "sha512-gB72maP8rmrKsnKYy8XUuXi/4OctJiuQjcuqWNlJQ6jZiWqtPvqFziskH3hnajfvKB27ynbVCucKSm2rkQp4Bw=="],

    "lightningcss-linux-arm64-musl": ["lightningcss-linux-arm64-musl@1.30.1", "https://registry.npmmirror.com/lightningcss-linux-arm64-musl/-/lightningcss-linux-arm64-musl-1.30.1.tgz", { "os": "linux", "cpu": "arm64" }, "sha512-jmUQVx4331m6LIX+0wUhBbmMX7TCfjF5FoOH6SD1CttzuYlGNVpA7QnrmLxrsub43ClTINfGSYyHe2HWeLl5CQ=="],

    "lightningcss-linux-x64-gnu": ["lightningcss-linux-x64-gnu@1.30.1", "https://registry.npmmirror.com/lightningcss-linux-x64-gnu/-/lightningcss-linux-x64-gnu-1.30.1.tgz", { "os": "linux", "cpu": "x64" }, "sha512-piWx3z4wN8J8z3+O5kO74+yr6ze/dKmPnI7vLqfSqI8bccaTGY5xiSGVIJBDd5K5BHlvVLpUB3S2YCfelyJ1bw=="],

    "lightningcss-linux-x64-musl": ["lightningcss-linux-x64-musl@1.30.1", "https://registry.npmmirror.com/lightningcss-linux-x64-musl/-/lightningcss-linux-x64-musl-1.30.1.tgz", { "os": "linux", "cpu": "x64" }, "sha512-rRomAK7eIkL+tHY0YPxbc5Dra2gXlI63HL+v1Pdi1a3sC+tJTcFrHX+E86sulgAXeI7rSzDYhPSeHHjqFhqfeQ=="],

    "lightningcss-win32-arm64-msvc": ["lightningcss-win32-arm64-msvc@1.30.1", "https://registry.npmmirror.com/lightningcss-win32-arm64-msvc/-/lightningcss-win32-arm64-msvc-1.30.1.tgz", { "os": "win32", "cpu": "arm64" }, "sha512-mSL4rqPi4iXq5YVqzSsJgMVFENoa4nGTT/GjO2c0Yl9OuQfPsIfncvLrEW6RbbB24WtZ3xP/2CCmI3tNkNV4oA=="],

    "lightningcss-win32-x64-msvc": ["lightningcss-win32-x64-msvc@1.30.1", "https://registry.npmmirror.com/lightningcss-win32-x64-msvc/-/lightningcss-win32-x64-msvc-1.30.1.tgz", { "os": "win32", "cpu": "x64" }, "sha512-PVqXh48wh4T53F/1CCu8PIPCxLzWyCnn/9T5W1Jpmdy5h9Cwd+0YQS6/LwhHXSafuc61/xg9Lv5OrCby6a++jg=="],

    "magic-string": ["magic-string@0.30.17", "https://registry.npmmirror.com/magic-string/-/magic-string-0.30.17.tgz", { "dependencies": { "@jridgewell/sourcemap-codec": "^1.5.0" } }, "sha512-sNPKHvyjVf7gyjwS4xGTaW/mCnF8wnjtifKBEhxfZ7E/S8tQ0rssrwGNn6q8JH/ohItJfSQp9mBtQYuTlH5QnA=="],

    "meshoptimizer": ["meshoptimizer@0.22.0", "https://registry.npmmirror.com/meshoptimizer/-/meshoptimizer-0.22.0.tgz", {}, "sha512-IebiK79sqIy+E4EgOr+CAw+Ke8hAspXKzBd0JdgEmPHiAwmvEj2S4h1rfvo+o/BnfEYd/jAOg5IeeIjzlzSnDg=="],

    "muggle-string": ["muggle-string@0.4.1", "https://registry.npmmirror.com/muggle-string/-/muggle-string-0.4.1.tgz", {}, "sha512-VNTrAak/KhO2i8dqqnqnAHOa3cYBwXEZe9h+D5h/1ZqFSTEFHdM65lR7RoIqq3tBBYavsOXV84NoHXZ0AkPyqQ=="],

    "nanoid": ["nanoid@3.3.11", "https://registry.npmmirror.com/nanoid/-/nanoid-3.3.11.tgz", { "bin": { "nanoid": "bin/nanoid.cjs" } }, "sha512-N8SpfPUnUp1bK+PMYW8qSWdl9U+wwNWI4QKxOYDy9JAro3WMX7p2OeVRF9v+347pnakNevPmiHhNmZ2HbFA76w=="],

    "path-browserify": ["path-browserify@1.0.1", "https://registry.npmmirror.com/path-browserify/-/path-browserify-1.0.1.tgz", {}, "sha512-b7uo2UCUOYZcnF/3ID0lulOJi/bafxa1xPe7ZPsammBSpjSWQkjNxlt635YGS2MiR9GjvuXCtz2emr3jbsz98g=="],

    "picocolors": ["picocolors@1.1.1", "https://registry.npmmirror.com/picocolors/-/picocolors-1.1.1.tgz", {}, "sha512-xceH2snhtb5M9liqDsmEw56le376mTZkEX/jEb/RxNFyegNul7eNslCXP9FDj/Lcu0X8KEyMceP2ntpaHrDEVA=="],

    "picomatch": ["picomatch@4.0.2", "https://registry.npmmirror.com/picomatch/-/picomatch-4.0.2.tgz", {}, "sha512-M7BAV6Rlcy5u+m6oPhAPFgJTzAioX/6B0DxyvDlo9l8+T3nLKbrczg2WLUyzd45L8RqfUMyGPzekbMvX2Ldkwg=="],

    "postcss": ["postcss@8.5.6", "https://registry.npmmirror.com/postcss/-/postcss-8.5.6.tgz", { "dependencies": { "nanoid": "^3.3.11", "picocolors": "^1.1.1", "source-map-js": "^1.2.1" } }, "sha512-3Ybi1tAuwAP9s0r1UQ2J4n5Y0G05bJkpUIO0/bI9MhwmD70S5aTWbXGBwxHrelT+XM1k6dM0pk+SwNkpTRN7Pg=="],

    "rolldown": ["rolldown@1.0.0-beta.27", "https://registry.npmmirror.com/rolldown/-/rolldown-1.0.0-beta.27.tgz", { "dependencies": { "@oxc-project/runtime": "=0.77.0", "@oxc-project/types": "=0.77.0", "@rolldown/pluginutils": "1.0.0-beta.27", "ansis": "^4.0.0" }, "optionalDependencies": { "@rolldown/binding-android-arm64": "1.0.0-beta.27", "@rolldown/binding-darwin-arm64": "1.0.0-beta.27", "@rolldown/binding-darwin-x64": "1.0.0-beta.27", "@rolldown/binding-freebsd-x64": "1.0.0-beta.27", "@rolldown/binding-linux-arm-gnueabihf": "1.0.0-beta.27", "@rolldown/binding-linux-arm64-gnu": "1.0.0-beta.27", "@rolldown/binding-linux-arm64-musl": "1.0.0-beta.27", "@rolldown/binding-linux-arm64-ohos": "1.0.0-beta.27", "@rolldown/binding-linux-x64-gnu": "1.0.0-beta.27", "@rolldown/binding-linux-x64-musl": "1.0.0-beta.27", "@rolldown/binding-wasm32-wasi": "1.0.0-beta.27", "@rolldown/binding-win32-arm64-msvc": "1.0.0-beta.27", "@rolldown/binding-win32-ia32-msvc": "1.0.0-beta.27", "@rolldown/binding-win32-x64-msvc": "1.0.0-beta.27" }, "bin": { "rolldown": "bin/cli.mjs" } }, "sha512-aYiJmzKoUHoaaEZLRegYVfZkXW7gzdgSbq+u5cXQ6iXc/y8tnQ3zGffQo44Pr1lTKeLluw3bDIDUCx/NAzqKeA=="],

    "source-map-js": ["source-map-js@1.2.1", "https://registry.npmmirror.com/source-map-js/-/source-map-js-1.2.1.tgz", {}, "sha512-UXWMKhLOwVKb728IUtQPXxfYU+usdybtUrK/8uGE8CQMvrhOpwvzDBwj0QhSL7MQc7vIsISBG8VQ8+IDQxpfQA=="],

    "three": ["three@0.179.1", "https://registry.npmmirror.com/three/-/three-0.179.1.tgz", {}, "sha512-5y/elSIQbrvKOISxpwXCR4sQqHtGiOI+MKLc3SsBdDXA2hz3Mdp3X59aUp8DyybMa34aeBwbFTpdoLJaUDEWSw=="],

    "tinyglobby": ["tinyglobby@0.2.14", "https://registry.npmmirror.com/tinyglobby/-/tinyglobby-0.2.14.tgz", { "dependencies": { "fdir": "^6.4.4", "picomatch": "^4.0.2" } }, "sha512-tX5e7OM1HnYr2+a2C/4V0htOcSQcoSTH9KgJnVvNm5zm/cyEWKJ7j7YutsH9CxMdtOkkLFy2AHrMci9IM8IPZQ=="],

    "tslib": ["tslib@2.8.1", "https://registry.npmmirror.com/tslib/-/tslib-2.8.1.tgz", {}, "sha512-oJFu94HQb+KVduSUQL7wnpmqnfmLsOA/nAh6b6EH0wCEoK0/mPeXU6c3wKDV83MkOuHPRHtSXKKU99IBazS/2w=="],

    "typescript": ["typescript@5.9.2", "https://registry.npmmirror.com/typescript/-/typescript-5.9.2.tgz", { "bin": { "tsc": "bin/tsc", "tsserver": "bin/tsserver" } }, "sha512-CWBzXQrc/qOkhidw1OzBTQuYRbfyxDXJMVJ1XNwUHGROVmuaeiEm3OslpZ1RV96d7SKKjZKrSJu3+t/xlw3R9A=="],

    "vite": ["rolldown-vite@7.0.9", "https://registry.npmmirror.com/rolldown-vite/-/rolldown-vite-7.0.9.tgz", { "dependencies": { "fdir": "^6.4.6", "lightningcss": "^1.30.1", "picomatch": "^4.0.2", "postcss": "^8.5.6", "rolldown": "1.0.0-beta.27", "tinyglobby": "^0.2.14" }, "optionalDependencies": { "fsevents": "~2.3.3" }, "peerDependencies": { "@types/node": "^20.19.0 || >=22.12.0", "esbuild": "^0.25.0", "jiti": ">=1.21.0", "less": "^4.0.0", "sass": "^1.70.0", "sass-embedded": "^1.70.0", "stylus": ">=0.54.8", "sugarss": "^5.0.0", "terser": "^5.16.0", "tsx": "^4.8.1", "yaml": "^2.4.2" }, "optionalPeers": ["@types/node", "esbuild", "jiti", "less", "sass", "sass-embedded", "stylus", "sugarss", "terser", "tsx", "yaml"], "bin": { "vite": "bin/vite.js" } }, "sha512-RxVP6CY9CNCEM9UecdytqeADxOGSjgkfSE/eI986sM7I3/F09lQ9UfQo3y6W10ICBppKsEHe71NbCX/tirYDFg=="],

    "vscode-uri": ["vscode-uri@3.1.0", "https://registry.npmmirror.com/vscode-uri/-/vscode-uri-3.1.0.tgz", {}, "sha512-/BpdSx+yCQGnCvecbyXdxHDkuk55/G3xwnC0GqY4gmQ3j+A+g8kzzgB4Nk/SINjqn6+waqw3EgbVF2QKExkRxQ=="],

    "vue": ["vue@3.5.18", "https://registry.npmmirror.com/vue/-/vue-3.5.18.tgz", { "dependencies": { "@vue/compiler-dom": "3.5.18", "@vue/compiler-sfc": "3.5.18", "@vue/runtime-dom": "3.5.18", "@vue/server-renderer": "3.5.18", "@vue/shared": "3.5.18" }, "peerDependencies": { "typescript": "*" }, "optionalPeers": ["typescript"] }, "sha512-7W4Y4ZbMiQ3SEo+m9lnoNpV9xG7QVMLa+/0RFwwiAVkeYoyGXqWE85jabU4pllJNUzqfLShJ5YLptewhCWUgNA=="],

    "vue-tsc": ["vue-tsc@3.0.5", "https://registry.npmmirror.com/vue-tsc/-/vue-tsc-3.0.5.tgz", { "dependencies": { "@volar/typescript": "2.4.22", "@vue/language-core": "3.0.5" }, "peerDependencies": { "typescript": ">=5.0.0" }, "bin": { "vue-tsc": "./bin/vue-tsc.js" } }, "sha512-PsTFN9lo1HJCrZw9NoqjYcAbYDXY0cOKyuW2E7naX5jcaVyWpqEsZOHN9Dws5890E8e5SDAD4L4Zam3dxG3/Cw=="],

    "@pixiv/types-vrmc-vrm-animation-1.0/@pixiv/types-vrmc-vrm-1.0": ["@pixiv/types-vrmc-vrm-1.0@2.0.3", "https://registry.npmmirror.com/@pixiv/types-vrmc-vrm-1.0/-/types-vrmc-vrm-1.0-2.0.3.tgz", {}, "sha512-RMP34Bk1qLFQv/CRB1Zqvn2qMFfWQfP2Hms5QrrfoBsW9XroZdEe0zPLNbGmUPYh4F7VtBb+B7+RCuymRtpehA=="],

    "rolldown/@rolldown/pluginutils": ["@rolldown/pluginutils@1.0.0-beta.27", "https://registry.npmmirror.com/@rolldown/pluginutils/-/pluginutils-1.0.0-beta.27.tgz", {}, "sha512-+d0F4MKMCbeVUJwG96uQ4SgAznZNSq93I3V+9NHA4OpvqG8mRCpGdKmK8l/dl02h2CCDHwW2FqilnTyDcAnqjA=="],
  }
}
